
Microsoft Visual Studio Solution File, Format Version 12.00
# Visual Studio Version 17
VisualStudioVersion = 17.5.33414.496
MinimumVisualStudioVersion = 10.0.40219.1
Project("{FAE04EC0-301F-11D3-BF4B-00C04F79EFBC}") = "EmployeeWageComputation", "EmployeeWageComputation.csproj", "{50888D59-2AD0-48E2-973B-97212E9EAA4C}"
EndProject
Global
	GlobalSection(SolutionConfigurationPlatforms) = preSolution
		Debug|Any CPU = Debug|Any CPU
		Release|Any CPU = Release|Any CPU
	EndGlobalSection
	GlobalSection(ProjectConfigurationPlatforms) = postSolution
		{50888D59-2AD0-48E2-973B-97212E9EAA4C}.Debug|Any CPU.ActiveCfg = Debug|Any CPU
		{50888D59-2AD0-48E2-973B-97212E9EAA4C}.Debug|Any CPU.Build.0 = Debug|Any CPU
		{50888D59-2AD0-48E2-973B-97212E9EAA4C}.Release|Any CPU.ActiveCfg = Release|Any CPU
		{50888D59-2AD0-48E2-973B-97212E9EAA4C}.Release|Any CPU.Build.0 = Release|Any CPU
	EndGlobalSection
	GlobalSection(SolutionProperties) = preSolution
		HideSolutionNode = FALSE
	EndGlobalSection
	GlobalSection(ExtensibilityGlobals) = postSolution
		SolutionGuid = {D54884C1-F175-4C79-8451-AC90A42AC6D8}
	EndGlobalSection
EndGlobal
